
Microsoft Visual Studio Solution File, Format Version 12.00
# Visual Studio 2015
Project("{FAE04EC0-301F-11D3-BF4B-00C04F79EFBC}") = "Project2.CSharp.Plugins", "Project2.CSharp.Plugins.csproj", "{71CFDB9F-4207-5244-FD9C-A408CB15E287}"
EndProject
Project("{FAE04EC0-301F-11D3-BF4B-00C04F79EFBC}") = "Project2.CSharp", "Project2.CSharp.csproj", "{F0D3B897-36ED-D998-A8C1-662E9B9F8EBA}"
EndProject
Project("{FAE04EC0-301F-11D3-BF4B-00C04F79EFBC}") = "Project2.CSharp.Editor", "Project2.CSharp.Editor.csproj", "{40CF4F90-973A-9394-B185-D26BB726FFB3}"
EndProject
Global
	GlobalSection(SolutionConfigurationPlatforms) = preSolution
		Debug|Any CPU = Debug|Any CPU
		Release|Any CPU = Release|Any CPU
	EndGlobalSection
	GlobalSection(ProjectConfigurationPlatforms) = postSolution
		{71CFDB9F-4207-5244-FD9C-A408CB15E287}.Debug|Any CPU.ActiveCfg = Debug|Any CPU
		{71CFDB9F-4207-5244-FD9C-A408CB15E287}.Debug|Any CPU.Build.0 = Debug|Any CPU
		{71CFDB9F-4207-5244-FD9C-A408CB15E287}.Release|Any CPU.ActiveCfg = Release|Any CPU
		{71CFDB9F-4207-5244-FD9C-A408CB15E287}.Release|Any CPU.Build.0 = Release|Any CPU
		{F0D3B897-36ED-D998-A8C1-662E9B9F8EBA}.Debug|Any CPU.ActiveCfg = Debug|Any CPU
		{F0D3B897-36ED-D998-A8C1-662E9B9F8EBA}.Debug|Any CPU.Build.0 = Debug|Any CPU
		{F0D3B897-36ED-D998-A8C1-662E9B9F8EBA}.Release|Any CPU.ActiveCfg = Release|Any CPU
		{F0D3B897-36ED-D998-A8C1-662E9B9F8EBA}.Release|Any CPU.Build.0 = Release|Any CPU
		{40CF4F90-973A-9394-B185-D26BB726FFB3}.Debug|Any CPU.ActiveCfg = Debug|Any CPU
		{40CF4F90-973A-9394-B185-D26BB726FFB3}.Debug|Any CPU.Build.0 = Debug|Any CPU
		{40CF4F90-973A-9394-B185-D26BB726FFB3}.Release|Any CPU.ActiveCfg = Release|Any CPU
		{40CF4F90-973A-9394-B185-D26BB726FFB3}.Release|Any CPU.Build.0 = Release|Any CPU
	EndGlobalSection
	GlobalSection(SolutionProperties) = preSolution
		HideSolutionNode = FALSE
	EndGlobalSection
EndGlobal
